
Microsoft Visual Studio Solution File, Format Version 12.00
Project("{FAE04EC0-301F-11D3-BF4B-00C04F79EFBC}") = "MyLinq2DB", "MyLinq2DB\MyLinq2DB.csproj", "{2006F273-DA58-4D3D-83E7-106F02574974}"
EndProject
Global
	GlobalSection(SolutionConfigurationPlatforms) = preSolution
		Debug|Any CPU = Debug|Any CPU
		Release|Any CPU = Release|Any CPU
	EndGlobalSection
	GlobalSection(ProjectConfigurationPlatforms) = postSolution
		{2006F273-DA58-4D3D-83E7-106F02574974}.Debug|Any CPU.ActiveCfg = Debug|Any CPU
		{2006F273-DA58-4D3D-83E7-106F02574974}.Debug|Any CPU.Build.0 = Debug|Any CPU
		{2006F273-DA58-4D3D-83E7-106F02574974}.Release|Any CPU.ActiveCfg = Release|Any CPU
		{2006F273-DA58-4D3D-83E7-106F02574974}.Release|Any CPU.Build.0 = Release|Any CPU
	EndGlobalSection
EndGlobal
