
Microsoft Visual Studio Solution File, Format Version 12.00
Project("{FAE04EC0-301F-11D3-BF4B-00C04F79EFBC}") = "EFCore", "EFCore\EFCore.csproj", "{3FA153B9-C323-4BF9-A114-96B59FA3086C}"
EndProject
Global
	GlobalSection(SolutionConfigurationPlatforms) = preSolution
		Debug|Any CPU = Debug|Any CPU
		Release|Any CPU = Release|Any CPU
	EndGlobalSection
	GlobalSection(ProjectConfigurationPlatforms) = postSolution
		{3FA153B9-C323-4BF9-A114-96B59FA3086C}.Debug|Any CPU.ActiveCfg = Debug|Any CPU
		{3FA153B9-C323-4BF9-A114-96B59FA3086C}.Debug|Any CPU.Build.0 = Debug|Any CPU
		{3FA153B9-C323-4BF9-A114-96B59FA3086C}.Release|Any CPU.ActiveCfg = Release|Any CPU
		{3FA153B9-C323-4BF9-A114-96B59FA3086C}.Release|Any CPU.Build.0 = Release|Any CPU
	EndGlobalSection
EndGlobal
